// !$*UTF8*$!
{
	archiveVersion = 1;
	classes = {
	};
	objectVersion = 48;
	objects = {

/* Begin PBXBuildFile section */
		6E9F98202068DDFE006A5225 /* AppDelegate.m in Sources */ = {isa = PBXBuildFile; fileRef = 6E9F981F2068DDFE006A5225 /* AppDelegate.m */; };
		6E9F98232068DDFE006A5225 /* ViewController.m in Sources */ = {isa = PBXBuildFile; fileRef = 6E9F98222068DDFE006A5225 /* ViewController.m */; };
		6E9F98262068DDFE006A5225 /* Main.storyboard in Resources */ = {isa = PBXBuildFile; fileRef = 6E9F98242068DDFE006A5225 /* Main.storyboard */; };
		6E9F98282068DDFE006A5225 /* Assets.xcassets in Resources */ = {isa = PBXBuildFile; fileRef = 6E9F98272068DDFE006A5225 /* Assets.xcassets */; };
		6E9F982B2068DDFE006A5225 /* LaunchScreen.storyboard in Resources */ = {isa = PBXBuildFile; fileRef = 6E9F98292068DDFE006A5225 /* LaunchScreen.storyboard */; };
		6E9F982E2068DDFE006A5225 /* main.m in Sources */ = {isa = PBXBuildFile; fileRef = 6E9F982D2068DDFE006A5225 /* main.m */; };
		6E9F983A2068DE11006A5225 /* UIViewController+Mediator.m in Sources */ = {isa = PBXBuildFile; fileRef = 6E9F98362068DE11006A5225 /* UIViewController+Mediator.m */; };
		6E9F983B2068DE11006A5225 /* XQVCMediator.m in Sources */ = {isa = PBXBuildFile; fileRef = 6E9F98382068DE11006A5225 /* XQVCMediator.m */; };
/* End PBXBuildFile section */

/* Begin PBXFileReference section */
		6E9F981B2068DDFE006A5225 /* XQVCMediatorExample.app */ = {isa = PBXFileReference; explicitFileType = wrapper.application; includeInIndex = 0; path = XQVCMediatorExample.app; sourceTree = BUILT_PRODUCTS_DIR; };
		6E9F981E2068DDFE006A5225 /* AppDelegate.h */ = {isa = PBXFileReference; lastKnownFileType = sourcecode.c.h; path = AppDelegate.h; sourceTree = "<group>"; };
		6E9F981F2068DDFE006A5225 /* AppDelegate.m */ = {isa = PBXFileReference; lastKnownFileType = sourcecode.c.objc; path = AppDelegate.m; sourceTree = "<group>"; };
		6E9F98212068DDFE006A5225 /* ViewController.h */ = {isa = PBXFileReference; lastKnownFileType = sourcecode.c.h; path = ViewController.h; sourceTree = "<group>"; };
		6E9F98222068DDFE006A5225 /* ViewController.m */ = {isa = PBXFileReference; lastKnownFileType = sourcecode.c.objc; path = ViewController.m; sourceTree = "<group>"; };
		6E9F98252068DDFE006A5225 /* Base */ = {isa = PBXFileReference; lastKnownFileType = file.storyboard; name = Base; path = Base.lproj/Main.storyboard; sourceTree = "<group>"; };
		6E9F98272068DDFE006A5225 /* Assets.xcassets */ = {isa = PBXFileReference; lastKnownFileType = folder.assetcatalog; path = Assets.xcassets; sourceTree = "<group>"; };
		6E9F982A2068DDFE006A5225 /* Base */ = {isa = PBXFileReference; lastKnownFileType = file.storyboard; name = Base; path = Base.lproj/LaunchScreen.storyboard; sourceTree = "<group>"; };
		6E9F982C2068DDFE006A5225 /* Info.plist */ = {isa = PBXFileReference; lastKnownFileType = text.plist.xml; path = Info.plist; sourceTree = "<group>"; };
		6E9F982D2068DDFE006A5225 /* main.m */ = {isa = PBXFileReference; lastKnownFileType = sourcecode.c.objc; path = main.m; sourceTree = "<group>"; };
		6E9F98352068DE11006A5225 /* UIViewController+Mediator.h */ = {isa = PBXFileReference; fileEncoding = 4; lastKnownFileType = sourcecode.c.h; path = "UIViewController+Mediator.h"; sourceTree = "<group>"; };
		6E9F98362068DE11006A5225 /* UIViewController+Mediator.m */ = {isa = PBXFileReference; fileEncoding = 4; lastKnownFileType = sourcecode.c.objc; path = "UIViewController+Mediator.m"; sourceTree = "<group>"; };
		6E9F98372068DE11006A5225 /* XQVCMediator.h */ = {isa = PBXFileReference; fileEncoding = 4; lastKnownFileType = sourcecode.c.h; path = XQVCMediator.h; sourceTree = "<group>"; };
		6E9F98382068DE11006A5225 /* XQVCMediator.m */ = {isa = PBXFileReference; fileEncoding = 4; lastKnownFileType = sourcecode.c.objc; path = XQVCMediator.m; sourceTree = "<group>"; };
		6E9F98392068DE11006A5225 /* XQVCMediatorHeader.h */ = {isa = PBXFileReference; fileEncoding = 4; lastKnownFileType = sourcecode.c.h; path = XQVCMediatorHeader.h; sourceTree = "<group>"; };
/* End PBXFileReference section */

/* Begin PBXFrameworksBuildPhase section */
		6E9F98182068DDFE006A5225 /* Frameworks */ = {
			isa = PBXFrameworksBuildPhase;
			buildActionMask = 2147483647;
			files = (
			);
			runOnlyForDeploymentPostprocessing = 0;
		};
/* End PBXFrameworksBuildPhase section */

/* Begin PBXGroup section */
		6E9F98122068DDFE006A5225 = {
			isa = PBXGroup;
			children = (
				6E9F98342068DE11006A5225 /* Mediator */,
				6E9F981D2068DDFE006A5225 /* XQVCMediatorExample */,
				6E9F981C2068DDFE006A5225 /* Products */,
			);
			sourceTree = "<group>";
		};
		6E9F981C2068DDFE006A5225 /* Products */ = {
			isa = PBXGroup;
			children = (
				6E9F981B2068DDFE006A5225 /* XQVCMediatorExample.app */,
			);
			name = Products;
			sourceTree = "<group>";
		};
		6E9F981D2068DDFE006A5225 /* XQVCMediatorExample */ = {
			isa = PBXGroup;
			children = (
				6E9F981E2068DDFE006A5225 /* AppDelegate.h */,
				6E9F981F2068DDFE006A5225 /* AppDelegate.m */,
				6E9F98212068DDFE006A5225 /* ViewController.h */,
				6E9F98222068DDFE006A5225 /* ViewController.m */,
				6E9F98242068DDFE006A5225 /* Main.storyboard */,
				6E9F98272068DDFE006A5225 /* Assets.xcassets */,
				6E9F98292068DDFE006A5225 /* LaunchScreen.storyboard */,
				6E9F982C2068DDFE006A5225 /* Info.plist */,
				6E9F982D2068DDFE006A5225 /* main.m */,
			);
			path = XQVCMediatorExample;
			sourceTree = "<group>";
		};
		6E9F98342068DE11006A5225 /* Mediator */ = {
			isa = PBXGroup;
			children = (
				6E9F98352068DE11006A5225 /* UIViewController+Mediator.h */,
				6E9F98362068DE11006A5225 /* UIViewController+Mediator.m */,
				6E9F98372068DE11006A5225 /* XQVCMediator.h */,
				6E9F98382068DE11006A5225 /* XQVCMediator.m */,
				6E9F98392068DE11006A5225 /* XQVCMediatorHeader.h */,
			);
			name = Mediator;
			path = ../../Mediator;
			sourceTree = "<group>";
		};
/* End PBXGroup section */

/* Begin PBXNativeTarget section */
		6E9F981A2068DDFE006A5225 /* XQVCMediatorExample */ = {
			isa = PBXNativeTarget;
			buildConfigurationList = 6E9F98312068DDFE006A5225 /* Build configuration list for PBXNativeTarget "XQVCMediatorExample" */;
			buildPhases = (
				6E9F98172068DDFE006A5225 /* Sources */,
				6E9F98182068DDFE006A5225 /* Frameworks */,
				6E9F98192068DDFE006A5225 /* Resources */,
			);
			buildRules = (
			);
			dependencies = (
			);
			name = XQVCMediatorExample;
			productName = XQVCMediatorExample;
			productReference = 6E9F981B2068DDFE006A5225 /* XQVCMediatorExample.app */;
			productType = "com.apple.product-type.application";
		};
/* End PBXNativeTarget section */

/* Begin PBXProject section */
		6E9F98132068DDFE006A5225 /* Project object */ = {
			isa = PBXProject;
			attributes = {
				LastUpgradeCheck = 0920;
				ORGANIZATIONNAME = "xiao qiang";
				TargetAttributes = {
					6E9F981A2068DDFE006A5225 = {
						CreatedOnToolsVersion = 9.2;
						ProvisioningStyle = Automatic;
					};
				};
			};
			buildConfigurationList = 6E9F98162068DDFE006A5225 /* Build configuration list for PBXProject "XQVCMediatorExample" */;
			compatibilityVersion = "Xcode 8.0";
			developmentRegion = en;
			hasScannedForEncodings = 0;
			knownRegions = (
				en,
				Base,
			);
			mainGroup = 6E9F98122068DDFE006A5225;
			productRefGroup = 6E9F981C2068DDFE006A5225 /* Products */;
			projectDirPath = "";
			projectRoot = "";
			targets = (
				6E9F981A2068DDFE006A5225 /* XQVCMediatorExample */,
			);
		};
/* End PBXProject section */

/* Begin PBXResourcesBuildPhase section */
		6E9F98192068DDFE006A5225 /* Resources */ = {
			isa = PBXResourcesBuildPhase;
			buildActionMask = 2147483647;
			files = (
				6E9F982B2068DDFE006A5225 /* LaunchScreen.storyboard in Resources */,
				6E9F98282068DDFE006A5225 /* Assets.xcassets in Resources */,
				6E9F98262068DDFE006A5225 /* Main.storyboard in Resources */,
			);
			runOnlyForDeploymentPostprocessing = 0;
		};
/* End PBXResourcesBuildPhase section */

/* Begin PBXSourcesBuildPhase section */
		6E9F98172068DDFE006A5225 /* Sources */ = {
			isa = PBXSourcesBuildPhase;
			buildActionMask = 2147483647;
			files = (
				6E9F983B2068DE11006A5225 /* XQVCMediator.m in Sources */,
				6E9F98232068DDFE006A5225 /* ViewController.m in Sources */,
				6E9F982E2068DDFE006A5225 /* main.m in Sources */,
				6E9F98202068DDFE006A5225 /* AppDelegate.m in Sources */,
				6E9F983A2068DE11006A5225 /* UIViewController+Mediator.m in Sources */,
			);
			runOnlyForDeploymentPostprocessing = 0;
		};
/* End PBXSourcesBuildPhase section */

/* Begin PBXVariantGroup section */
		6E9F98242068DDFE006A5225 /* Main.storyboard */ = {
			isa = PBXVariantGroup;
			children = (
				6E9F98252068DDFE006A5225 /* Base */,
			);
			name = Main.storyboard;
			sourceTree = "<group>";
		};
		6E9F98292068DDFE006A5225 /* LaunchScreen.storyboard */ = {
			isa = PBXVariantGroup;
			children = (
				6E9F982A2068DDFE006A5225 /* Base */,
			);
			name = LaunchScreen.storyboard;
			sourceTree = "<group>";
		};
/* End PBXVariantGroup section */

/* Begin XCBuildConfiguration section */
		6E9F982F2068DDFE006A5225 /* Debug */ = {
			isa = XCBuildConfiguration;
			buildSettings = {
				ALWAYS_SEARCH_USER_PATHS = NO;
				CLANG_ANALYZER_NONNULL = YES;
				CLANG_ANALYZER_NUMBER_OBJECT_CONVERSION = YES_AGGRESSIVE;
				CLANG_CXX_LANGUAGE_STANDARD = "gnu++14";
				CLANG_CXX_LIBRARY = "libc++";
				CLANG_ENABLE_MODULES = YES;
				CLANG_ENABLE_OBJC_ARC = YES;
				CLANG_WARN_BLOCK_CAPTURE_AUTORELEASING = YES;
				CLANG_WARN_BOOL_CONVERSION = YES;
				CLANG_WARN_COMMA = YES;
				CLANG_WARN_CONSTANT_CONVERSION = YES;
				CLANG_WARN_DIRECT_OBJC_ISA_USAGE = YES_ERROR;
				CLANG_WARN_DOCUMENTATION_COMMENTS = YES;
				CLANG_WARN_EMPTY_BODY = YES;
				CLANG_WARN_ENUM_CONVERSION = YES;
				CLANG_WARN_INFINITE_RECURSION = YES;
				CLANG_WARN_INT_CONVERSION = YES;
				CLANG_WARN_NON_LITERAL_NULL_CONVERSION = YES;
				CLANG_WARN_OBJC_LITERAL_CONVERSION = YES;
				CLANG_WARN_OBJC_ROOT_CLASS = YES_ERROR;
				CLANG_WARN_RANGE_LOOP_ANALYSIS = YES;
				CLANG_WARN_STRICT_PROTOTYPES = YES;
				CLANG_WARN_SUSPICIOUS_MOVE = YES;
				CLANG_WARN_UNGUARDED_AVAILABILITY = YES_AGGRESSIVE;
				CLANG_WARN_UNREACHABLE_CODE = YES;
				CLANG_WARN__DUPLICATE_METHOD_MATCH = YES;
				CODE_SIGN_IDENTITY = "iPhone Developer";
				COPY_PHASE_STRIP = NO;
				DEBUG_INFORMATION_FORMAT = dwarf;
				ENABLE_STRICT_OBJC_MSGSEND = YES;
				ENABLE_TESTABILITY = YES;
				GCC_C_LANGUAGE_STANDARD = gnu11;
				GCC_DYNAMIC_NO_PIC = NO;
				GCC_NO_COMMON_BLOCKS = YES;
				GCC_OPTIMIZATION_LEVEL = 0;
				GCC_PREPROCESSOR_DEFINITIONS = (
					"DEBUG=1",
					"$(inherited)",
				);
				GCC_WARN_64_TO_32_BIT_CONVERSION = YES;
				GCC_WARN_ABOUT_RETURN_TYPE = YES_ERROR;
				GCC_WARN_UNDECLARED_SELECTOR = YES;
				GCC_WARN_UNINITIALIZED_AUTOS = YES_AGGRESSIVE;
				GCC_WARN_UNUSED_FUNCTION = YES;
				GCC_WARN_UNUSED_VARIABLE = YES;
				IPHONEOS_DEPLOYMENT_TARGET = 11.2;
				MTL_ENABLE_DEBUG_INFO = YES;
				ONLY_ACTIVE_ARCH = YES;
				SDKROOT = iphoneos;
			};
			name = Debug;
		};
		6E9F98302068DDFE006A5225 /* Release */ = {
			isa = XCBuildConfiguration;
			buildSettings = {
				ALWAYS_SEARCH_USER_PATHS = NO;
				CLANG_ANALYZER_NONNULL = YES;
				CLANG_ANALYZER_NUMBER_OBJECT_CONVERSION = YES_AGGRESSIVE;
				CLANG_CXX_LANGUAGE_STANDARD = "gnu++14";
				CLANG_CXX_LIBRARY = "libc++";
				CLANG_ENABLE_MODULES = YES;
				CLANG_ENABLE_OBJC_ARC = YES;
				CLANG_WARN_BLOCK_CAPTURE_AUTORELEASING = YES;
				CLANG_WARN_BOOL_CONVERSION = YES;
				CLANG_WARN_COMMA = YES;
				CLANG_WARN_CONSTANT_CONVERSION = YES;
				CLANG_WARN_DIRECT_OBJC_ISA_USAGE = YES_ERROR;
				CLANG_WARN_DOCUMENTATION_COMMENTS = YES;
				CLANG_WARN_EMPTY_BODY = YES;
				CLANG_WARN_ENUM_CONVERSION = YES;
				CLANG_WARN_INFINITE_RECURSION = YES;
				CLANG_WARN_INT_CONVERSION = YES;
				CLANG_WARN_NON_LITERAL_NULL_CONVERSION = YES;
				CLANG_WARN_OBJC_LITERAL_CONVERSION = YES;
				CLANG_WARN_OBJC_ROOT_CLASS = YES_ERROR;
				CLANG_WARN_RANGE_LOOP_ANALYSIS = YES;
				CLANG_WARN_STRICT_PROTOTYPES = YES;
				CLANG_WARN_SUSPICIOUS_MOVE = YES;
				CLANG_WARN_UNGUARDED_AVAILABILITY = YES_AGGRESSIVE;
				CLANG_WARN_UNREACHABLE_CODE = YES;
				CLANG_WARN__DUPLICATE_METHOD_MATCH = YES;
				CODE_SIGN_IDENTITY = "iPhone Developer";
				COPY_PHASE_STRIP = NO;
				DEBUG_INFORMATION_FORMAT = "dwarf-with-dsym";
				ENABLE_NS_ASSERTIONS = NO;
				ENABLE_STRICT_OBJC_MSGSEND = YES;
				GCC_C_LANGUAGE_STANDARD = gnu11;
				GCC_NO_COMMON_BLOCKS = YES;
				GCC_WARN_64_TO_32_BIT_CONVERSION = YES;
				GCC_WARN_ABOUT_RETURN_TYPE = YES_ERROR;
				GCC_WARN_UNDECLARED_SELECTOR = YES;
				GCC_WARN_UNINITIALIZED_AUTOS = YES_AGGRESSIVE;
				GCC_WARN_UNUSED_FUNCTION = YES;
				GCC_WARN_UNUSED_VARIABLE = YES;
				IPHONEOS_DEPLOYMENT_TARGET = 11.2;
				MTL_ENABLE_DEBUG_INFO = NO;
				SDKROOT = iphoneos;
				VALIDATE_PRODUCT = YES;
			};
			name = Release;
		};
		6E9F98322068DDFE006A5225 /* Debug */ = {
			isa = XCBuildConfiguration;
			buildSettings = {
				ASSETCATALOG_COMPILER_APPICON_NAME = AppIcon;
				CODE_SIGN_STYLE = Automatic;
				DEVELOPMENT_TEAM = Q76RED92XQ;
				INFOPLIST_FILE = XQVCMediatorExample/Info.plist;
				IPHONEOS_DEPLOYMENT_TARGET = 8.0;
				LD_RUNPATH_SEARCH_PATHS = "$(inherited) @executable_path/Frameworks";
				PRODUCT_BUNDLE_IDENTIFIER = com.xiaoqiang.XQVCMediatorExample;
				PRODUCT_NAME = "$(TARGET_NAME)";
				TARGETED_DEVICE_FAMILY = "1,2";
			};
			name = Debug;
		};
		6E9F98332068DDFE006A5225 /* Release */ = {
			isa = XCBuildConfiguration;
			buildSettings = {
				ASSETCATALOG_COMPILER_APPICON_NAME = AppIcon;
				CODE_SIGN_STYLE = Automatic;
				DEVELOPMENT_TEAM = Q76RED92XQ;
				INFOPLIST_FILE = XQVCMediatorExample/Info.plist;
				IPHONEOS_DEPLOYMENT_TARGET = 8.0;
				LD_RUNPATH_SEARCH_PATHS = "$(inherited) @executable_path/Frameworks";
				PRODUCT_BUNDLE_IDENTIFIER = com.xiaoqiang.XQVCMediatorExample;
				PRODUCT_NAME = "$(TARGET_NAME)";
				TARGETED_DEVICE_FAMILY = "1,2";
			};
			name = Release;
		};
/* End XCBuildConfiguration section */

/* Begin XCConfigurationList section */
		6E9F98162068DDFE006A5225 /* Build configuration list for PBXProject "XQVCMediatorExample" */ = {
			isa = XCConfigurationList;
			buildConfigurations = (
				6E9F982F2068DDFE006A5225 /* Debug */,
				6E9F98302068DDFE006A5225 /* Release */,
			);
			defaultConfigurationIsVisible = 0;
			defaultConfigurationName = Release;
		};
		6E9F98312068DDFE006A5225 /* Build configuration list for PBXNativeTarget "XQVCMediatorExample" */ = {
			isa = XCConfigurationList;
			buildConfigurations = (
				6E9F98322068DDFE006A5225 /* Debug */,
				6E9F98332068DDFE006A5225 /* Release */,
			);
			defaultConfigurationIsVisible = 0;
			defaultConfigurationName = Release;
		};
/* End XCConfigurationList section */
	};
	rootObject = 6E9F98132068DDFE006A5225 /* Project object */;
}
